
Microsoft Visual Studio Solution File, Format Version 12.00
# Visual Studio Version 17
VisualStudioVersion = 17.10.34928.147
MinimumVisualStudioVersion = 10.0.40219.1
Project("{FAE04EC0-301F-11D3-BF4B-00C04F79EFBC}") = "EtwPilot", "EtwPilot.csproj", "{0606126E-7DD5-43D3-9A6C-A70C05047A1E}"
EndProject
Global
	GlobalSection(SolutionConfigurationPlatforms) = preSolution
		Debug|Any CPU = Debug|Any CPU
		Release|Any CPU = Release|Any CPU
	EndGlobalSection
	GlobalSection(ProjectConfigurationPlatforms) = postSolution
		{0606126E-7DD5-43D3-9A6C-A70C05047A1E}.Debug|Any CPU.ActiveCfg = Debug|Any CPU
		{0606126E-7DD5-43D3-9A6C-A70C05047A1E}.Debug|Any CPU.Build.0 = Debug|Any CPU
		{0606126E-7DD5-43D3-9A6C-A70C05047A1E}.Release|Any CPU.ActiveCfg = Release|Any CPU
		{0606126E-7DD5-43D3-9A6C-A70C05047A1E}.Release|Any CPU.Build.0 = Release|Any CPU
	EndGlobalSection
	GlobalSection(SolutionProperties) = preSolution
		HideSolutionNode = FALSE
	EndGlobalSection
	GlobalSection(ExtensibilityGlobals) = postSolution
		SolutionGuid = {51256930-ED08-433F-987A-BE2DFE755DDF}
	EndGlobalSection
EndGlobal
