
Microsoft Visual Studio Solution File, Format Version 12.00
# Visual Studio Version 17
VisualStudioVersion = 17.10.34928.147
MinimumVisualStudioVersion = 10.0.40219.1
Project("{FAE04EC0-301F-11D3-BF4B-00C04F79EFBC}") = "EtwPilot", "EtwPilot.csproj", "{0606126E-7DD5-43D3-9A6C-A70C05047A1E}"
EndProject
Global
	GlobalSection(SolutionConfigurationPlatforms) = preSolution
		Debug_Cuda|x64 = Debug_Cuda|x64
		Debug_DirectML|x64 = Debug_DirectML|x64
		Debug|x64 = Debug|x64
		Release_Cuda|x64 = Release_Cuda|x64
		Release_DirectML|x64 = Release_DirectML|x64
		Release|x64 = Release|x64
	EndGlobalSection
	GlobalSection(ProjectConfigurationPlatforms) = postSolution
		{0606126E-7DD5-43D3-9A6C-A70C05047A1E}.Debug_Cuda|x64.ActiveCfg = Debug_Cuda|x64
		{0606126E-7DD5-43D3-9A6C-A70C05047A1E}.Debug_Cuda|x64.Build.0 = Debug_Cuda|x64
		{0606126E-7DD5-43D3-9A6C-A70C05047A1E}.Debug_DirectML|x64.ActiveCfg = Debug_DirectML|x64
		{0606126E-7DD5-43D3-9A6C-A70C05047A1E}.Debug_DirectML|x64.Build.0 = Debug_DirectML|x64
		{0606126E-7DD5-43D3-9A6C-A70C05047A1E}.Debug|x64.ActiveCfg = Debug|x64
		{0606126E-7DD5-43D3-9A6C-A70C05047A1E}.Debug|x64.Build.0 = Debug|x64
		{0606126E-7DD5-43D3-9A6C-A70C05047A1E}.Release_Cuda|x64.ActiveCfg = Release_Cuda|x64
		{0606126E-7DD5-43D3-9A6C-A70C05047A1E}.Release_Cuda|x64.Build.0 = Release_Cuda|x64
		{0606126E-7DD5-43D3-9A6C-A70C05047A1E}.Release_DirectML|x64.ActiveCfg = Release_DirectML|x64
		{0606126E-7DD5-43D3-9A6C-A70C05047A1E}.Release_DirectML|x64.Build.0 = Release_DirectML|x64
		{0606126E-7DD5-43D3-9A6C-A70C05047A1E}.Release|x64.ActiveCfg = Release|x64
		{0606126E-7DD5-43D3-9A6C-A70C05047A1E}.Release|x64.Build.0 = Release|x64
	EndGlobalSection
	GlobalSection(SolutionProperties) = preSolution
		HideSolutionNode = FALSE
	EndGlobalSection
	GlobalSection(ExtensibilityGlobals) = postSolution
		SolutionGuid = {51256930-ED08-433F-987A-BE2DFE755DDF}
	EndGlobalSection
EndGlobal
